
Microsoft Visual Studio Solution File, Format Version 12.00
# Visual Studio Version 17
VisualStudioVersion = 17.9.34607.119
MinimumVisualStudioVersion = 10.0.40219.1
Project("{FAE04EC0-301F-11D3-BF4B-00C04F79EFBC}") = "ПР1", "ПР1\ПР1.csproj", "{44E3F19B-6B76-4BC5-AADE-D70B9DC90447}"
EndProject
Global
	GlobalSection(SolutionConfigurationPlatforms) = preSolution
		Debug|Any CPU = Debug|Any CPU
		Release|Any CPU = Release|Any CPU
	EndGlobalSection
	GlobalSection(ProjectConfigurationPlatforms) = postSolution
		{44E3F19B-6B76-4BC5-AADE-D70B9DC90447}.Debug|Any CPU.ActiveCfg = Debug|Any CPU
		{44E3F19B-6B76-4BC5-AADE-D70B9DC90447}.Debug|Any CPU.Build.0 = Debug|Any CPU
		{44E3F19B-6B76-4BC5-AADE-D70B9DC90447}.Release|Any CPU.ActiveCfg = Release|Any CPU
		{44E3F19B-6B76-4BC5-AADE-D70B9DC90447}.Release|Any CPU.Build.0 = Release|Any CPU
	EndGlobalSection
	GlobalSection(SolutionProperties) = preSolution
		HideSolutionNode = FALSE
	EndGlobalSection
	GlobalSection(ExtensibilityGlobals) = postSolution
		SolutionGuid = {1053BE5C-9B9C-45C4-BEB4-BAB84F36A96B}
	EndGlobalSection
EndGlobal
